
Microsoft Visual Studio Solution File, Format Version 12.00
# Visual Studio Version 17
VisualStudioVersion = 17.1.32421.90
MinimumVisualStudioVersion = 10.0.40219.1
Project("{FAE04EC0-301F-11D3-BF4B-00C04F79EFBC}") = "DevicesApi.Core", "DevicesApi\DevicesApi.Core\DevicesApi.Core.csproj", "{05879262-FB88-49B7-A645-C9D0E1BCBBF5}"
EndProject
Project("{FAE04EC0-301F-11D3-BF4B-00C04F79EFBC}") = "DevicesApi.Infrastructure", "DevicesApi\DevicesApi.Infrastructure\DevicesApi.Infrastructure.csproj", "{7CC9C37E-12F6-4351-B4ED-42B826CAA35E}"
EndProject
Project("{FAE04EC0-301F-11D3-BF4B-00C04F79EFBC}") = "DevicesApi.Web", "DevicesApi\DevicesApi.Web\DevicesApi.Web.csproj", "{16AF1782-FFFD-462D-9ED2-FD8841EC6F4A}"
EndProject
Global
	GlobalSection(SolutionConfigurationPlatforms) = preSolution
		Debug|Any CPU = Debug|Any CPU
		Release|Any CPU = Release|Any CPU
	EndGlobalSection
	GlobalSection(ProjectConfigurationPlatforms) = postSolution
		{05879262-FB88-49B7-A645-C9D0E1BCBBF5}.Debug|Any CPU.ActiveCfg = Debug|Any CPU
		{05879262-FB88-49B7-A645-C9D0E1BCBBF5}.Debug|Any CPU.Build.0 = Debug|Any CPU
		{05879262-FB88-49B7-A645-C9D0E1BCBBF5}.Release|Any CPU.ActiveCfg = Release|Any CPU
		{05879262-FB88-49B7-A645-C9D0E1BCBBF5}.Release|Any CPU.Build.0 = Release|Any CPU
		{7CC9C37E-12F6-4351-B4ED-42B826CAA35E}.Debug|Any CPU.ActiveCfg = Debug|Any CPU
		{7CC9C37E-12F6-4351-B4ED-42B826CAA35E}.Debug|Any CPU.Build.0 = Debug|Any CPU
		{7CC9C37E-12F6-4351-B4ED-42B826CAA35E}.Release|Any CPU.ActiveCfg = Release|Any CPU
		{7CC9C37E-12F6-4351-B4ED-42B826CAA35E}.Release|Any CPU.Build.0 = Release|Any CPU
		{16AF1782-FFFD-462D-9ED2-FD8841EC6F4A}.Debug|Any CPU.ActiveCfg = Debug|Any CPU
		{16AF1782-FFFD-462D-9ED2-FD8841EC6F4A}.Debug|Any CPU.Build.0 = Debug|Any CPU
		{16AF1782-FFFD-462D-9ED2-FD8841EC6F4A}.Release|Any CPU.ActiveCfg = Release|Any CPU
		{16AF1782-FFFD-462D-9ED2-FD8841EC6F4A}.Release|Any CPU.Build.0 = Release|Any CPU
	EndGlobalSection
	GlobalSection(SolutionProperties) = preSolution
		HideSolutionNode = FALSE
	EndGlobalSection
	GlobalSection(ExtensibilityGlobals) = postSolution
		SolutionGuid = {B1DEA887-2949-470C-ABBE-C992C63DC7D2}
	EndGlobalSection
EndGlobal
