
Microsoft Visual Studio Solution File, Format Version 12.00
# Visual Studio Version 17
VisualStudioVersion = 17.0.31912.275
MinimumVisualStudioVersion = 10.0.40219.1
Project("{9A19103F-16F7-4668-BE54-9A1E7A4F7556}") = "DevicesApi.Core", "DevicesApi.Core\DevicesApi.Core.csproj", "{9F1AB4F2-280C-4A53-800E-D1BE698838C6}"
EndProject
Project("{9A19103F-16F7-4668-BE54-9A1E7A4F7556}") = "DevicesApi.Infrastructure", "DevicesApi.Infrastructure\DevicesApi.Infrastructure.csproj", "{F090D6BA-AACF-4E64-BED7-B2F2CDE6E12D}"
EndProject
Project("{9A19103F-16F7-4668-BE54-9A1E7A4F7556}") = "DevicesApi.Web", "DevicesApi.Web\DevicesApi.Web.csproj", "{DCAE8061-1395-4ABF-B012-80456241A061}"
EndProject
Global
	GlobalSection(SolutionConfigurationPlatforms) = preSolution
		Debug|Any CPU = Debug|Any CPU
		Release|Any CPU = Release|Any CPU
	EndGlobalSection
	GlobalSection(ProjectConfigurationPlatforms) = postSolution
		{9F1AB4F2-280C-4A53-800E-D1BE698838C6}.Debug|Any CPU.ActiveCfg = Debug|Any CPU
		{9F1AB4F2-280C-4A53-800E-D1BE698838C6}.Debug|Any CPU.Build.0 = Debug|Any CPU
		{9F1AB4F2-280C-4A53-800E-D1BE698838C6}.Release|Any CPU.ActiveCfg = Release|Any CPU
		{9F1AB4F2-280C-4A53-800E-D1BE698838C6}.Release|Any CPU.Build.0 = Release|Any CPU
		{F090D6BA-AACF-4E64-BED7-B2F2CDE6E12D}.Debug|Any CPU.ActiveCfg = Debug|Any CPU
		{F090D6BA-AACF-4E64-BED7-B2F2CDE6E12D}.Debug|Any CPU.Build.0 = Debug|Any CPU
		{F090D6BA-AACF-4E64-BED7-B2F2CDE6E12D}.Release|Any CPU.ActiveCfg = Release|Any CPU
		{F090D6BA-AACF-4E64-BED7-B2F2CDE6E12D}.Release|Any CPU.Build.0 = Release|Any CPU
		{DCAE8061-1395-4ABF-B012-80456241A061}.Debug|Any CPU.ActiveCfg = Debug|Any CPU
		{DCAE8061-1395-4ABF-B012-80456241A061}.Debug|Any CPU.Build.0 = Debug|Any CPU
		{DCAE8061-1395-4ABF-B012-80456241A061}.Release|Any CPU.ActiveCfg = Release|Any CPU
		{DCAE8061-1395-4ABF-B012-80456241A061}.Release|Any CPU.Build.0 = Release|Any CPU
	EndGlobalSection
	GlobalSection(SolutionProperties) = preSolution
		HideSolutionNode = FALSE
	EndGlobalSection
	GlobalSection(ExtensibilityGlobals) = postSolution
		SolutionGuid = {6E28D1F2-69CC-4E34-B858-A93B53622B2B}
	EndGlobalSection
EndGlobal
